
Microsoft Visual Studio Solution File, Format Version 11.00
# Visual Studio 2010
Project("{FAE04EC0-301F-11D3-BF4B-00C04F79EFBC}") = "UniRx", "UniRx.csproj", "{761D3CE7-31E9-4273-AAAF-77F9F192E05F}"
EndProject
Project("{FAE04EC0-301F-11D3-BF4B-00C04F79EFBC}") = "UniRx.Async", "UniRx.Async.csproj", "{E1D99FF0-BB54-1C9A-3B9E-23E24CE39874}"
EndProject
Project("{FAE04EC0-301F-11D3-BF4B-00C04F79EFBC}") = "UniRx.Examples", "UniRx.Examples.csproj", "{DF3EDB31-CAEC-120D-4BFA-874FC1A3D7DA}"
EndProject
Project("{FAE04EC0-301F-11D3-BF4B-00C04F79EFBC}") = "Assembly-CSharp", "Assembly-CSharp.csproj", "{58470B0A-5917-DD77-DF2C-870BF93993AF}"
EndProject
Project("{FAE04EC0-301F-11D3-BF4B-00C04F79EFBC}") = "UniRx.Async.Editor", "UniRx.Async.Editor.csproj", "{792F9837-FB86-36F9-C820-EEB8759FCA08}"
EndProject
Global
	GlobalSection(SolutionConfigurationPlatforms) = preSolution
		Debug|Any CPU = Debug|Any CPU
		Release|Any CPU = Release|Any CPU
	EndGlobalSection
	GlobalSection(ProjectConfigurationPlatforms) = postSolution
		{761D3CE7-31E9-4273-AAAF-77F9F192E05F}.Debug|Any CPU.ActiveCfg = Debug|Any CPU
		{761D3CE7-31E9-4273-AAAF-77F9F192E05F}.Debug|Any CPU.Build.0 = Debug|Any CPU
		{761D3CE7-31E9-4273-AAAF-77F9F192E05F}.Release|Any CPU.ActiveCfg = Release|Any CPU
		{761D3CE7-31E9-4273-AAAF-77F9F192E05F}.Release|Any CPU.Build.0 = Release|Any CPU
		{E1D99FF0-BB54-1C9A-3B9E-23E24CE39874}.Debug|Any CPU.ActiveCfg = Debug|Any CPU
		{E1D99FF0-BB54-1C9A-3B9E-23E24CE39874}.Debug|Any CPU.Build.0 = Debug|Any CPU
		{E1D99FF0-BB54-1C9A-3B9E-23E24CE39874}.Release|Any CPU.ActiveCfg = Release|Any CPU
		{E1D99FF0-BB54-1C9A-3B9E-23E24CE39874}.Release|Any CPU.Build.0 = Release|Any CPU
		{DF3EDB31-CAEC-120D-4BFA-874FC1A3D7DA}.Debug|Any CPU.ActiveCfg = Debug|Any CPU
		{DF3EDB31-CAEC-120D-4BFA-874FC1A3D7DA}.Debug|Any CPU.Build.0 = Debug|Any CPU
		{DF3EDB31-CAEC-120D-4BFA-874FC1A3D7DA}.Release|Any CPU.ActiveCfg = Release|Any CPU
		{DF3EDB31-CAEC-120D-4BFA-874FC1A3D7DA}.Release|Any CPU.Build.0 = Release|Any CPU
		{58470B0A-5917-DD77-DF2C-870BF93993AF}.Debug|Any CPU.ActiveCfg = Debug|Any CPU
		{58470B0A-5917-DD77-DF2C-870BF93993AF}.Debug|Any CPU.Build.0 = Debug|Any CPU
		{58470B0A-5917-DD77-DF2C-870BF93993AF}.Release|Any CPU.ActiveCfg = Release|Any CPU
		{58470B0A-5917-DD77-DF2C-870BF93993AF}.Release|Any CPU.Build.0 = Release|Any CPU
		{792F9837-FB86-36F9-C820-EEB8759FCA08}.Debug|Any CPU.ActiveCfg = Debug|Any CPU
		{792F9837-FB86-36F9-C820-EEB8759FCA08}.Debug|Any CPU.Build.0 = Debug|Any CPU
		{792F9837-FB86-36F9-C820-EEB8759FCA08}.Release|Any CPU.ActiveCfg = Release|Any CPU
		{792F9837-FB86-36F9-C820-EEB8759FCA08}.Release|Any CPU.Build.0 = Release|Any CPU
	EndGlobalSection
	GlobalSection(SolutionProperties) = preSolution
		HideSolutionNode = FALSE
	EndGlobalSection
	GlobalSection(MonoDevelopProperties) = preSolution
		StartupItem = Assembly-CSharp.csproj
	EndGlobalSection
EndGlobal
